
Microsoft Visual Studio Solution File, Format Version 12.00
# Visual Studio 2013
VisualStudioVersion = 12.0.30723.0
MinimumVisualStudioVersion = 10.0.40219.1
Project("{9092AA53-FB77-4645-B42D-1CCCA6BD08BD}") = "Hello-Sails-Ionic-Web", "Web\Hello-Sails-Ionic-Web.njsproj", "{280492E3-EBD3-4CF8-A711-BD6BC8F00625}"
EndProject
Project("{2150E333-8FDC-42A3-9474-1A3956D46DE8}") = "Solution Items", "Solution Items", "{33EBB9B1-EFA9-4E40-B5AB-CD0B6FCA5054}"
	ProjectSection(SolutionItems) = preProject
		README.md = README.md
	EndProjectSection
EndProject
Global
	GlobalSection(SolutionConfigurationPlatforms) = preSolution
		Debug|Any CPU = Debug|Any CPU
		Release|Any CPU = Release|Any CPU
	EndGlobalSection
	GlobalSection(ProjectConfigurationPlatforms) = postSolution
		{280492E3-EBD3-4CF8-A711-BD6BC8F00625}.Debug|Any CPU.ActiveCfg = Debug|Any CPU
		{280492E3-EBD3-4CF8-A711-BD6BC8F00625}.Debug|Any CPU.Build.0 = Debug|Any CPU
		{280492E3-EBD3-4CF8-A711-BD6BC8F00625}.Release|Any CPU.ActiveCfg = Release|Any CPU
		{280492E3-EBD3-4CF8-A711-BD6BC8F00625}.Release|Any CPU.Build.0 = Release|Any CPU
	EndGlobalSection
	GlobalSection(SolutionProperties) = preSolution
		HideSolutionNode = FALSE
	EndGlobalSection
EndGlobal
